PODS:
  - SwiftGen (6.5.1)
  - SwiftLint (0.54.0)

DEPENDENCIES:
  - SwiftGen (~> 6.0)
  - SwiftLint (= 0.54.0)

SPEC REPOS:
  trunk:
    - SwiftGen
    - SwiftLint

SPEC CHECKSUMS:
  SwiftGen: a6d22010845f08fe18fbdf3a07a8e380fd22e0ea
  SwiftLint: c1de071d9d08c8aba837545f6254315bc900e211

PODFILE CHECKSUM: 1fa0629889dae842b920471fd4b19dd1de33f716

COCOAPODS: 1.15.2
