PODS:
  - google-cast-sdk-no-bluetooth (1.2.0)
  - PulseCore (4.2.4)
  - PulseUI (4.2.4):
    - PulseCore (~> 4.2)
  - SwiftGen (6.5.1)
  - SwiftLint (0.54.0)

DEPENDENCIES:
  - google-cast-sdk-no-bluetooth (from `https://github.com/Automattic/google-cast`)
  - PulseCore (from `https://github.com/kean/Pulse.git`, tag `4.2.4`)
  - PulseUI (from `https://github.com/kean/Pulse.git`, tag `4.2.4`)
  - SwiftGen (~> 6.0)
  - SwiftLint (= 0.54.0)

SPEC REPOS:
  trunk:
    - SwiftGen
    - SwiftLint

EXTERNAL SOURCES:
  google-cast-sdk-no-bluetooth:
    :git: https://github.com/Automattic/google-cast
  PulseCore:
    :git: https://github.com/kean/Pulse.git
    :tag: 4.2.4
  PulseUI:
    :git: https://github.com/kean/Pulse.git
    :tag: 4.2.4

CHECKOUT OPTIONS:
  google-cast-sdk-no-bluetooth:
    :commit: 6992eaf3fe4353e6992a2c35b5a879c490bba2d4
    :git: https://github.com/Automattic/google-cast
  PulseCore:
    :git: https://github.com/kean/Pulse.git
    :tag: 4.2.4
  PulseUI:
    :git: https://github.com/kean/Pulse.git
    :tag: 4.2.4

SPEC CHECKSUMS:
  google-cast-sdk-no-bluetooth: 97f3b1286fa2fa158ec47975b4bb758908a27b2d
  PulseCore: a40e40555e355948829a4d3b5f997578098a49c4
  PulseUI: f7464009d4fca0c88de41f6153d7aef4ae0a906a
  SwiftGen: a6d22010845f08fe18fbdf3a07a8e380fd22e0ea
  SwiftLint: c1de071d9d08c8aba837545f6254315bc900e211

PODFILE CHECKSUM: 47e725704fe09eec6fa5109130e8491e03a08b04

COCOAPODS: 1.15.2
