{
  "object": {
    "pins": [
      {
        "package": "abseil",
        "repositoryURL": "https://github.com/firebase/abseil-cpp-SwiftPM.git",
        "state": {
          "branch": null,
          "revision": "583de9bd60f66b40e78d08599cc92036c2e7e4e1",
          "version": "0.20220203.2"
        }
      },
      {
        "package": "Agrume",
        "repositoryURL": "https://github.com/shiftyjelly/Agrume",
        "state": {
          "branch": null,
          "revision": "fff5b688b0434f2bdd5d9bd711a6f3b2faf2dbeb",
          "version": "5.6.11"
        }
      },
      {
        "package": "AppAuth",
        "repositoryURL": "https://github.com/openid/AppAuth-iOS.git",
        "state": {
          "branch": null,
          "revision": "71cde449f13d453227e687458144bde372d30fc7",
          "version": "1.6.2"
        }
      },
      {
        "package": "AutomatticTracksiOS",
        "repositoryURL": "https://github.com/Automattic/Automattic-Tracks-iOS",
        "state": {
          "branch": null,
          "revision": "8e672c40b33aaa214f05ffe80bfe9d4b1b4fab17",
          "version": "0.13.0"
        }
      },
      {
        "package": "BoringSSL-GRPC",
        "repositoryURL": "https://github.com/firebase/boringssl-SwiftPM.git",
        "state": {
          "branch": null,
          "revision": "dd3eda2b05a3f459fc3073695ad1b28659066eab",
          "version": "0.9.1"
        }
      },
      {
        "package": "DifferenceKit",
        "repositoryURL": "https://github.com/ra1028/DifferenceKit",
        "state": {
          "branch": null,
          "revision": "073b9671ce2b9b5b96398611427a1f929927e428",
          "version": "1.3.0"
        }
      },
      {
        "package": "Firebase",
        "repositoryURL": "https://github.com/firebase/firebase-ios-sdk.git",
        "state": {
          "branch": null,
          "revision": "111d8d6ad1a1afd6c8e9561d26e55ab1e74fcb42",
          "version": "8.15.0"
        }
      },
      {
        "package": "FMDB",
        "repositoryURL": "https://github.com/ccgus/fmdb.git",
        "state": {
          "branch": null,
          "revision": "61e51fde7f7aab6554f30ab061cc588b28a97d04",
          "version": "2.7.7"
        }
      },
      {
        "package": "Fuse",
        "repositoryURL": "https://github.com/krisk/fuse-swift",
        "state": {
          "branch": null,
          "revision": "26ba868691b2d8b7bf2b1322951eb591be70ccca",
          "version": "1.4.0"
        }
      },
      {
        "package": "GoogleAppMeasurement",
        "repositoryURL": "https://github.com/google/GoogleAppMeasurement.git",
        "state": {
          "branch": null,
          "revision": "ef819db8c58657a6ca367322e73f3b6322afe0a2",
          "version": "8.15.0"
        }
      },
      {
        "package": "GoogleDataTransport",
        "repositoryURL": "https://github.com/google/GoogleDataTransport.git",
        "state": {
          "branch": null,
          "revision": "aae45a320fd0d11811820335b1eabc8753902a40",
          "version": "9.2.5"
        }
      },
      {
        "package": "GoogleSignIn",
        "repositoryURL": "https://github.com/google/GoogleSignIn-iOS",
        "state": {
          "branch": null,
          "revision": "9c9b36af86a4dd3da16048a36cf37351e63ccfe1",
          "version": "6.2.4"
        }
      },
      {
        "package": "GoogleUtilities",
        "repositoryURL": "https://github.com/google/GoogleUtilities.git",
        "state": {
          "branch": null,
          "revision": "c38ce365d77b04a9a300c31061c5227589e5597b",
          "version": "7.11.5"
        }
      },
      {
        "package": "gRPC",
        "repositoryURL": "https://github.com/grpc/grpc-ios.git",
        "state": {
          "branch": null,
          "revision": "8440b914756e0d26d4f4d054a1c1581daedfc5b6",
          "version": "1.44.3-grpc"
        }
      },
      {
        "package": "GTMSessionFetcher",
        "repositoryURL": "https://github.com/google/gtm-session-fetcher.git",
        "state": {
          "branch": null,
          "revision": "4e9bbf2808b8fee444e84a48f5f3c12641987d3e",
          "version": "1.7.2"
        }
      },
      {
        "package": "GTMAppAuth",
        "repositoryURL": "https://github.com/google/GTMAppAuth.git",
        "state": {
          "branch": null,
          "revision": "6dee0cde8a1b223737a5159e55e6b4ec16bbbdd9",
          "version": "1.3.1"
        }
      },
      {
        "package": "leveldb",
        "repositoryURL": "https://github.com/firebase/leveldb.git",
        "state": {
          "branch": null,
          "revision": "0706abcc6b0bd9cedfbb015ba840e4a780b5159b",
          "version": "1.22.2"
        }
      },
      {
        "package": "Lottie",
        "repositoryURL": "https://github.com/airbnb/lottie-ios.git",
        "state": {
          "branch": null,
          "revision": "b4bd0604ded9574807f41b4004b57dd1226a30a4",
          "version": "3.5.0"
        }
      },
      {
        "package": "nanopb",
        "repositoryURL": "https://github.com/firebase/nanopb.git",
        "state": {
          "branch": null,
          "revision": "7ee9ef9f627d85cbe1b8c4f49a3ed26eed216c77",
          "version": "2.30908.0"
        }
      },
      {
        "package": "Promises",
        "repositoryURL": "https://github.com/google/promises.git",
        "state": {
          "branch": null,
          "revision": "e70e889c0196c76d22759eb50d6a0270ca9f1d9e",
          "version": "2.3.1"
        }
      },
      {
        "package": "Sentry",
        "repositoryURL": "https://github.com/getsentry/sentry-cocoa",
        "state": {
          "branch": null,
          "revision": "cf43eac1aa12017868c257ad3854ad87a5de0758",
          "version": "7.31.5"
        }
      },
      {
        "package": "SwiftProtobuf",
        "repositoryURL": "https://github.com/apple/swift-protobuf.git",
        "state": {
          "branch": null,
          "revision": "ce20dc083ee485524b802669890291c0d8090170",
          "version": "1.22.1"
        }
      },
      {
        "package": "Sodium",
        "repositoryURL": "https://github.com/jedisct1/swift-sodium",
        "state": {
          "branch": null,
          "revision": "4f9164a0a2c9a6a7ff53a2833d54a5c79c957342",
          "version": "0.9.1"
        }
      },
      {
        "package": "SwiftyGif",
        "repositoryURL": "https://github.com/kirualex/SwiftyGif",
        "state": {
          "branch": null,
          "revision": "d6d26061d6553a493781ad3df4a8e275c43fc373",
          "version": "5.4.4"
        }
      },
      {
        "package": "SwiftyJSON",
        "repositoryURL": "https://github.com/SwiftyJSON/SwiftyJSON.git",
        "state": {
          "branch": null,
          "revision": "b3dcd7dbd0d488e1a7077cb33b00f2083e382f07",
          "version": "5.0.1"
        }
      },
      {
        "package": "SwipeCellKit",
        "repositoryURL": "https://github.com/shiftyjelly/SwipeCellKit",
        "state": {
          "branch": null,
          "revision": "3395be59bf5f60d55fb8298170ad0e3db3a99e18",
          "version": "2.7.7"
        }
      },
      {
        "package": "BuildkiteTestCollector",
        "repositoryURL": "https://github.com/buildkite/test-collector-swift",
        "state": {
          "branch": null,
          "revision": "6e46839e1a4507ee047acd0896e29b9b278d9e3a",
          "version": "0.4.0"
        }
      },
      {
        "package": "UIDeviceIdentifier",
        "repositoryURL": "https://github.com/squarefrog/UIDeviceIdentifier",
        "state": {
          "branch": null,
          "revision": "4699794b08bb79a4d77785edaba6ea739e298e4b",
          "version": "2.3.0"
        }
      }
    ]
  },
  "version": 1
}
