{
  "object": {
    "pins": [
      {
        "package": "FMDB",
        "repositoryURL": "https://github.com/ccgus/fmdb.git",
        "state": {
          "branch": null,
          "revision": "1227a3fa2b9916bfd75fe380eb45cd210e69e251",
          "version": "2.7.12"
        }
      },
      {
        "package": "SwiftProtobuf",
        "repositoryURL": "https://github.com/apple/swift-protobuf.git",
        "state": {
          "branch": null,
          "revision": "e17d61f26df0f0e06f58f6977ba05a097a720106",
          "version": "1.27.1"
        }
      }
    ]
  },
  "version": 1
}
