{
  "object": {
    "pins": [
      {
        "package": "abseil",
        "repositoryURL": "https://github.com/google/abseil-cpp-binary.git",
        "state": {
          "branch": null,
          "revision": "bbe8b69694d7873315fd3a4ad41efe043e1c07c5",
          "version": "1.2024072200.0"
        }
      },
      {
        "package": "Agrume",
        "repositoryURL": "https://github.com/Automattic/Agrume",
        "state": {
          "branch": null,
          "revision": "c2090b3387729965fa0bdbc61adc2ec7af1753f9",
          "version": "5.6.13"
        }
      },
      {
        "package": "AppCheck",
        "repositoryURL": "https://github.com/google/app-check.git",
        "state": {
          "branch": null,
          "revision": "61b85103a1aeed8218f17c794687781505fbbef5",
          "version": "11.2.0"
        }
      },
      {
        "package": "AppAuth",
        "repositoryURL": "https://github.com/openid/AppAuth-iOS.git",
        "state": {
          "branch": null,
          "revision": "2781038865a80e2c425a1da12cc1327bcd56501f",
          "version": "1.7.6"
        }
      },
      {
        "package": "AutomatticTracksiOS",
        "repositoryURL": "https://github.com/Automattic/Automattic-Tracks-iOS",
        "state": {
          "branch": null,
          "revision": "437f586a62c07c6ceec9baf043237b2afe7ea1ac",
          "version": "3.5.2"
        }
      },
      {
        "package": "DifferenceKit",
        "repositoryURL": "https://github.com/ra1028/DifferenceKit",
        "state": {
          "branch": null,
          "revision": "073b9671ce2b9b5b96398611427a1f929927e428",
          "version": "1.3.0"
        }
      },
      {
        "package": "DSFRegex",
        "repositoryURL": "https://github.com/dagronf/DSFRegex",
        "state": {
          "branch": null,
          "revision": "e0e64805519b23b08dcca9c83ca2d4a2b3de4c33",
          "version": "3.4.0"
        }
      },
      {
        "package": "Firebase",
        "repositoryURL": "https://github.com/firebase/firebase-ios-sdk.git",
        "state": {
          "branch": null,
          "revision": "eb523407e4293568ed55590728205c359cbecc5b",
          "version": "11.9.0"
        }
      },
      {
        "package": "FMDB",
        "repositoryURL": "https://github.com/ccgus/fmdb.git",
        "state": {
          "branch": null,
          "revision": "1227a3fa2b9916bfd75fe380eb45cd210e69e251",
          "version": "2.7.12"
        }
      },
      {
        "package": "Fuse",
        "repositoryURL": "https://github.com/krisk/fuse-swift",
        "state": {
          "branch": null,
          "revision": "26ba868691b2d8b7bf2b1322951eb591be70ccca",
          "version": "1.4.0"
        }
      },
      {
        "package": "GoogleAppMeasurement",
        "repositoryURL": "https://github.com/google/GoogleAppMeasurement.git",
        "state": {
          "branch": null,
          "revision": "d80e25104abe76d69a134d4ec18f011edd8df06c",
          "version": "11.9.0"
        }
      },
      {
        "package": "GoogleDataTransport",
        "repositoryURL": "https://github.com/google/GoogleDataTransport.git",
        "state": {
          "branch": null,
          "revision": "617af071af9aa1d6a091d59a202910ac482128f9",
          "version": "10.1.0"
        }
      },
      {
        "package": "GoogleSignIn",
        "repositoryURL": "https://github.com/google/GoogleSignIn-iOS",
        "state": {
          "branch": null,
          "revision": "a7965d134c5d3567026c523e0a8a583f73b62b0d",
          "version": "7.1.0"
        }
      },
      {
        "package": "GoogleUtilities",
        "repositoryURL": "https://github.com/google/GoogleUtilities.git",
        "state": {
          "branch": null,
          "revision": "53156c7ec267db846e6b64c9f4c4e31ba4cf75eb",
          "version": "8.0.2"
        }
      },
      {
        "package": "gRPC",
        "repositoryURL": "https://github.com/google/grpc-binary.git",
        "state": {
          "branch": null,
          "revision": "cc0001a0cf963aa40501d9c2b181e7fc9fd8ec71",
          "version": "1.69.0"
        }
      },
      {
        "package": "GTMSessionFetcher",
        "repositoryURL": "https://github.com/google/gtm-session-fetcher.git",
        "state": {
          "branch": null,
          "revision": "a2ab612cb980066ee56d90d60d8462992c07f24b",
          "version": "3.5.0"
        }
      },
      {
        "package": "GTMAppAuth",
        "repositoryURL": "https://github.com/google/GTMAppAuth.git",
        "state": {
          "branch": null,
          "revision": "5d7d66f647400952b1758b230e019b07c0b4b22a",
          "version": "4.1.1"
        }
      },
      {
        "package": "InteropForGoogle",
        "repositoryURL": "https://github.com/google/interop-ios-for-google-sdks.git",
        "state": {
          "branch": null,
          "revision": "040d087ac2267d2ddd4cca36c757d1c6a05fdbfe",
          "version": "101.0.0"
        }
      },
      {
        "package": "JLRoutes",
        "repositoryURL": "https://github.com/joeldev/JLRoutes",
        "state": {
          "branch": null,
          "revision": "d9f74895e37e0a33a40d39637ede75de3a2d6b66",
          "version": "2.1.1"
        }
      },
      {
        "package": "Kingfisher",
        "repositoryURL": "https://github.com/onevcat/Kingfisher",
        "state": {
          "branch": null,
          "revision": "b450a3b30e0767277a6eed7e02dbdebd7d173da0",
          "version": "8.3.0"
        }
      },
      {
        "package": "leveldb",
        "repositoryURL": "https://github.com/firebase/leveldb.git",
        "state": {
          "branch": null,
          "revision": "a0bc79961d7be727d258d33d5a6b2f1023270ba1",
          "version": "1.22.5"
        }
      },
      {
        "package": "Lottie",
        "repositoryURL": "https://github.com/airbnb/lottie-ios.git",
        "state": {
          "branch": null,
          "revision": "047aa81b77adcbf583a966dfef620d17650cc656",
          "version": "4.5.1"
        }
      },
      {
        "package": "nanopb",
        "repositoryURL": "https://github.com/firebase/nanopb.git",
        "state": {
          "branch": null,
          "revision": "b7e1104502eca3a213b46303391ca4d3bc8ddec1",
          "version": "2.30910.0"
        }
      },
      {
        "package": "Promises",
        "repositoryURL": "https://github.com/google/promises.git",
        "state": {
          "branch": null,
          "revision": "540318ecedd63d883069ae7f1ed811a2df00b6ac",
          "version": "2.4.0"
        }
      },
      {
        "package": "Sentry",
        "repositoryURL": "https://github.com/getsentry/sentry-cocoa",
        "state": {
          "branch": null,
          "revision": "e0fa062817b277fd9ab597b54b8e2f92dc65b009",
          "version": "8.46.0"
        }
      },
      {
        "package": "SwiftProtobuf",
        "repositoryURL": "https://github.com/apple/swift-protobuf.git",
        "state": {
          "branch": null,
          "revision": "d72aed98f8253ec1aa9ea1141e28150f408cf17f",
          "version": "1.29.0"
        }
      },
      {
        "package": "Sodium",
        "repositoryURL": "https://github.com/jedisct1/swift-sodium",
        "state": {
          "branch": null,
          "revision": "4f9164a0a2c9a6a7ff53a2833d54a5c79c957342",
          "version": "0.9.1"
        }
      },
      {
        "package": "SwiftSubtitles",
        "repositoryURL": "https://github.com/dagronf/SwiftSubtitles",
        "state": {
          "branch": null,
          "revision": "aaa309326c2b8bfb52b7fdfabb1a43820c2e26b2",
          "version": "1.8.2"
        }
      },
      {
        "package": "Swime",
        "repositoryURL": "https://github.com/danielebogo/Swime",
        "state": {
          "branch": "master",
          "revision": "6a507c6480de4603bc5b6f178d4b1855b9c05a8c",
          "version": null
        }
      },
      {
        "package": "SwipeCellKit",
        "repositoryURL": "https://github.com/shiftyjelly/SwipeCellKit",
        "state": {
          "branch": null,
          "revision": "3395be59bf5f60d55fb8298170ad0e3db3a99e18",
          "version": "2.7.7"
        }
      },
      {
        "package": "BuildkiteTestCollector",
        "repositoryURL": "https://github.com/buildkite/test-collector-swift",
        "state": {
          "branch": null,
          "revision": "261b2feaafd601e5b35edb68f402d34ad8210967",
          "version": "0.5.0"
        }
      },
      {
        "package": "TinyCSV",
        "repositoryURL": "https://github.com/dagronf/TinyCSV",
        "state": {
          "branch": null,
          "revision": "05d691ee7bab64f5ff075b97f47ef41d36a81f6f",
          "version": "1.0.1"
        }
      },
      {
        "package": "UIDeviceIdentifier",
        "repositoryURL": "https://github.com/squarefrog/UIDeviceIdentifier",
        "state": {
          "branch": null,
          "revision": "4699794b08bb79a4d77785edaba6ea739e298e4b",
          "version": "2.3.0"
        }
      }
    ]
  },
  "version": 1
}
